// !$*UTF8*$!
{
	archiveVersion = 1;
	classes = {
	};
	objectVersion = 50;
	objects = {

/* Begin PBXBuildFile section */
		741D5D3F845C34619E68E478 /* Pods_EmberChat.framework in Frameworks */ = {isa = PBXBuildFile; fileRef = 7CB564B2133B02899141AB23 /* Pods_EmberChat.framework */; };
		BE70420E2151B1B500F49B6E /* FirebaseCore.framework in Frameworks */ = {isa = PBXBuildFile; fileRef = BE70420D2151B1B500F49B6E /* FirebaseCore.framework */; };
		BE7042102151B1B500F49B6E /* GoogleUtilities.framework in Frameworks */ = {isa = PBXBuildFile; fileRef = BE70420F2151B1B500F49B6E /* GoogleUtilities.framework */; };
		BE7042122151B1B500F49B6E /* nanopb.framework in Frameworks */ = {isa = PBXBuildFile; fileRef = BE7042112151B1B500F49B6E /* nanopb.framework */; };
		BE7042142151B3CB00F49B6E /* GoogleService-Info.plist in Resources */ = {isa = PBXBuildFile; fileRef = BE7042132151B3CA00F49B6E /* GoogleService-Info.plist */; };
		BEEC77602151A020006DE0AC /* AppDelegate.swift in Sources */ = {isa = PBXBuildFile; fileRef = BEEC775F2151A020006DE0AC /* AppDelegate.swift */; };
		BEEC77622151A020006DE0AC /* ViewController.swift in Sources */ = {isa = PBXBuildFile; fileRef = BEEC77612151A020006DE0AC /* ViewController.swift */; };
		BEEC77652151A020006DE0AC /* Main.storyboard in Resources */ = {isa = PBXBuildFile; fileRef = BEEC77632151A020006DE0AC /* Main.storyboard */; };
		BEEC77672151A022006DE0AC /* Assets.xcassets in Resources */ = {isa = PBXBuildFile; fileRef = BEEC77662151A022006DE0AC /* Assets.xcassets */; };
		BEEC776A2151A022006DE0AC /* LaunchScreen.storyboard in Resources */ = {isa = PBXBuildFile; fileRef = BEEC77682151A022006DE0AC /* LaunchScreen.storyboard */; };
/* End PBXBuildFile section */

/* Begin PBXFileReference section */
		18357CABB0F8027FB3B2DE59 /* Pods-EmberChat.release.xcconfig */ = {isa = PBXFileReference; includeInIndex = 1; lastKnownFileType = text.xcconfig; name = "Pods-EmberChat.release.xcconfig"; path = "Pods/Target Support Files/Pods-EmberChat/Pods-EmberChat.release.xcconfig"; sourceTree = "<group>"; };
		6C4752702379635FD8F7D689 /* Pods-EmberChat.debug.xcconfig */ = {isa = PBXFileReference; includeInIndex = 1; lastKnownFileType = text.xcconfig; name = "Pods-EmberChat.debug.xcconfig"; path = "Pods/Target Support Files/Pods-EmberChat/Pods-EmberChat.debug.xcconfig"; sourceTree = "<group>"; };
		7CB564B2133B02899141AB23 /* Pods_EmberChat.framework */ = {isa = PBXFileReference; explicitFileType = wrapper.framework; includeInIndex = 0; path = Pods_EmberChat.framework; sourceTree = BUILT_PRODUCTS_DIR; };
		BE70420D2151B1B500F49B6E /* FirebaseCore.framework */ = {isa = PBXFileReference; explicitFileType = wrapper.framework; path = FirebaseCore.framework; sourceTree = BUILT_PRODUCTS_DIR; };
		BE70420F2151B1B500F49B6E /* GoogleUtilities.framework */ = {isa = PBXFileReference; explicitFileType = wrapper.framework; path = GoogleUtilities.framework; sourceTree = BUILT_PRODUCTS_DIR; };
		BE7042112151B1B500F49B6E /* nanopb.framework */ = {isa = PBXFileReference; explicitFileType = wrapper.framework; path = nanopb.framework; sourceTree = BUILT_PRODUCTS_DIR; };
		BE7042132151B3CA00F49B6E /* GoogleService-Info.plist */ = {isa = PBXFileReference; fileEncoding = 4; lastKnownFileType = text.plist.xml; path = "GoogleService-Info.plist"; sourceTree = "<group>"; };
		BEEC775C2151A020006DE0AC /* EmberChat.app */ = {isa = PBXFileReference; explicitFileType = wrapper.application; includeInIndex = 0; path = EmberChat.app; sourceTree = BUILT_PRODUCTS_DIR; };
		BEEC775F2151A020006DE0AC /* AppDelegate.swift */ = {isa = PBXFileReference; lastKnownFileType = sourcecode.swift; path = AppDelegate.swift; sourceTree = "<group>"; };
		BEEC77612151A020006DE0AC /* ViewController.swift */ = {isa = PBXFileReference; lastKnownFileType = sourcecode.swift; path = ViewController.swift; sourceTree = "<group>"; };
		BEEC77642151A020006DE0AC /* Base */ = {isa = PBXFileReference; lastKnownFileType = file.storyboard; name = Base; path = Base.lproj/Main.storyboard; sourceTree = "<group>"; };
		BEEC77662151A022006DE0AC /* Assets.xcassets */ = {isa = PBXFileReference; lastKnownFileType = folder.assetcatalog; path = Assets.xcassets; sourceTree = "<group>"; };
		BEEC77692151A022006DE0AC /* Base */ = {isa = PBXFileReference; lastKnownFileType = file.storyboard; name = Base; path = Base.lproj/LaunchScreen.storyboard; sourceTree = "<group>"; };
		BEEC776B2151A022006DE0AC /* Info.plist */ = {isa = PBXFileReference; lastKnownFileType = text.plist.xml; path = Info.plist; sourceTree = "<group>"; };
/* End PBXFileReference section */

/* Begin PBXFrameworksBuildPhase section */
		BEEC77592151A020006DE0AC /* Frameworks */ = {
			isa = PBXFrameworksBuildPhase;
			buildActionMask = 2147483647;
			files = (
				BE70420E2151B1B500F49B6E /* FirebaseCore.framework in Frameworks */,
				BE7042102151B1B500F49B6E /* GoogleUtilities.framework in Frameworks */,
				BE7042122151B1B500F49B6E /* nanopb.framework in Frameworks */,
				741D5D3F845C34619E68E478 /* Pods_EmberChat.framework in Frameworks */,
			);
			runOnlyForDeploymentPostprocessing = 0;
		};
/* End PBXFrameworksBuildPhase section */

/* Begin PBXGroup section */
		A36CAA1EA7C7B2E2EB900861 /* Frameworks */ = {
			isa = PBXGroup;
			children = (
				BE70420D2151B1B500F49B6E /* FirebaseCore.framework */,
				BE70420F2151B1B500F49B6E /* GoogleUtilities.framework */,
				BE7042112151B1B500F49B6E /* nanopb.framework */,
				7CB564B2133B02899141AB23 /* Pods_EmberChat.framework */,
			);
			name = Frameworks;
			sourceTree = "<group>";
		};
		BEEC77532151A020006DE0AC = {
			isa = PBXGroup;
			children = (
				BEEC775E2151A020006DE0AC /* EmberChat */,
				BEEC775D2151A020006DE0AC /* Products */,
				E177002CD636553AABF7AB56 /* Pods */,
				A36CAA1EA7C7B2E2EB900861 /* Frameworks */,
			);
			sourceTree = "<group>";
		};
		BEEC775D2151A020006DE0AC /* Products */ = {
			isa = PBXGroup;
			children = (
				BEEC775C2151A020006DE0AC /* EmberChat.app */,
			);
			name = Products;
			sourceTree = "<group>";
		};
		BEEC775E2151A020006DE0AC /* EmberChat */ = {
			isa = PBXGroup;
			children = (
				BEEC775F2151A020006DE0AC /* AppDelegate.swift */,
				BEEC77612151A020006DE0AC /* ViewController.swift */,
				BEEC77632151A020006DE0AC /* Main.storyboard */,
				BEEC77662151A022006DE0AC /* Assets.xcassets */,
				BEEC77682151A022006DE0AC /* LaunchScreen.storyboard */,
				BEEC776B2151A022006DE0AC /* Info.plist */,
				BE7042132151B3CA00F49B6E /* GoogleService-Info.plist */,
			);
			path = EmberChat;
			sourceTree = "<group>";
		};
		E177002CD636553AABF7AB56 /* Pods */ = {
			isa = PBXGroup;
			children = (
				6C4752702379635FD8F7D689 /* Pods-EmberChat.debug.xcconfig */,
				18357CABB0F8027FB3B2DE59 /* Pods-EmberChat.release.xcconfig */,
			);
			name = Pods;
			sourceTree = "<group>";
		};
/* End PBXGroup section */

/* Begin PBXNativeTarget section */
		BEEC775B2151A020006DE0AC /* EmberChat */ = {
			isa = PBXNativeTarget;
			buildConfigurationList = BEEC776E2151A022006DE0AC /* Build configuration list for PBXNativeTarget "EmberChat" */;
			buildPhases = (
				1304305F0AFD4A2AC68C2DD8 /* [CP] Check Pods Manifest.lock */,
				BEEC77582151A020006DE0AC /* Sources */,
				BEEC77592151A020006DE0AC /* Frameworks */,
				BEEC775A2151A020006DE0AC /* Resources */,
				200E051FD16BA12F8B151868 /* [CP] Embed Pods Frameworks */,
			);
			buildRules = (
			);
			dependencies = (
			);
			name = EmberChat;
			productName = EmberChat;
			productReference = BEEC775C2151A020006DE0AC /* EmberChat.app */;
			productType = "com.apple.product-type.application";
		};
/* End PBXNativeTarget section */

/* Begin PBXProject section */
		BEEC77542151A020006DE0AC /* Project object */ = {
			isa = PBXProject;
			attributes = {
				LastSwiftUpdateCheck = 1000;
				LastUpgradeCheck = 1000;
				ORGANIZATIONNAME = "William Bundy";
				TargetAttributes = {
					BEEC775B2151A020006DE0AC = {
						CreatedOnToolsVersion = 10.0;
					};
				};
			};
			buildConfigurationList = BEEC77572151A020006DE0AC /* Build configuration list for PBXProject "EmberChat" */;
			compatibilityVersion = "Xcode 9.3";
			developmentRegion = en;
			hasScannedForEncodings = 0;
			knownRegions = (
				en,
				Base,
			);
			mainGroup = BEEC77532151A020006DE0AC;
			productRefGroup = BEEC775D2151A020006DE0AC /* Products */;
			projectDirPath = "";
			projectRoot = "";
			targets = (
				BEEC775B2151A020006DE0AC /* EmberChat */,
			);
		};
/* End PBXProject section */

/* Begin PBXResourcesBuildPhase section */
		BEEC775A2151A020006DE0AC /* Resources */ = {
			isa = PBXResourcesBuildPhase;
			buildActionMask = 2147483647;
			files = (
				BEEC776A2151A022006DE0AC /* LaunchScreen.storyboard in Resources */,
				BE7042142151B3CB00F49B6E /* GoogleService-Info.plist in Resources */,
				BEEC77672151A022006DE0AC /* Assets.xcassets in Resources */,
				BEEC77652151A020006DE0AC /* Main.storyboard in Resources */,
			);
			runOnlyForDeploymentPostprocessing = 0;
		};
/* End PBXResourcesBuildPhase section */

/* Begin PBXShellScriptBuildPhase section */
		1304305F0AFD4A2AC68C2DD8 /* [CP] Check Pods Manifest.lock */ = {
			isa = PBXShellScriptBuildPhase;
			buildActionMask = 2147483647;
			files = (
			);
			inputPaths = (
				"${PODS_PODFILE_DIR_PATH}/Podfile.lock",
				"${PODS_ROOT}/Manifest.lock",
			);
			name = "[CP] Check Pods Manifest.lock";
			outputPaths = (
				"$(DERIVED_FILE_DIR)/Pods-EmberChat-checkManifestLockResult.txt",
			);
			runOnlyForDeploymentPostprocessing = 0;
			shellPath = /bin/sh;
			shellScript = "diff \"${PODS_PODFILE_DIR_PATH}/Podfile.lock\" \"${PODS_ROOT}/Manifest.lock\" > /dev/null\nif [ $? != 0 ] ; then\n    # print error to STDERR\n    echo \"error: The sandbox is not in sync with the Podfile.lock. Run 'pod install' or update your CocoaPods installation.\" >&2\n    exit 1\nfi\n# This output is used by Xcode 'outputs' to avoid re-running this script phase.\necho \"SUCCESS\" > \"${SCRIPT_OUTPUT_FILE_0}\"\n";
			showEnvVarsInLog = 0;
		};
		200E051FD16BA12F8B151868 /* [CP] Embed Pods Frameworks */ = {
			isa = PBXShellScriptBuildPhase;
			buildActionMask = 2147483647;
			files = (
			);
			inputPaths = (
				"${SRCROOT}/Pods/Target Support Files/Pods-EmberChat/Pods-EmberChat-frameworks.sh",
				"${BUILT_PRODUCTS_DIR}/GoogleUtilities/GoogleUtilities.framework",
				"${BUILT_PRODUCTS_DIR}/nanopb/nanopb.framework",
			);
			name = "[CP] Embed Pods Frameworks";
			outputPaths = (
				"${TARGET_BUILD_DIR}/${FRAMEWORKS_FOLDER_PATH}/GoogleUtilities.framework",
				"${TARGET_BUILD_DIR}/${FRAMEWORKS_FOLDER_PATH}/nanopb.framework",
			);
			runOnlyForDeploymentPostprocessing = 0;
			shellPath = /bin/sh;
			shellScript = "\"${SRCROOT}/Pods/Target Support Files/Pods-EmberChat/Pods-EmberChat-frameworks.sh\"\n";
			showEnvVarsInLog = 0;
		};
/* End PBXShellScriptBuildPhase section */

/* Begin PBXSourcesBuildPhase section */
		BEEC77582151A020006DE0AC /* Sources */ = {
			isa = PBXSourcesBuildPhase;
			buildActionMask = 2147483647;
			files = (
				BEEC77622151A020006DE0AC /* ViewController.swift in Sources */,
				BEEC77602151A020006DE0AC /* AppDelegate.swift in Sources */,
			);
			runOnlyForDeploymentPostprocessing = 0;
		};
/* End PBXSourcesBuildPhase section */

/* Begin PBXVariantGroup section */
		BEEC77632151A020006DE0AC /* Main.storyboard */ = {
			isa = PBXVariantGroup;
			children = (
				BEEC77642151A020006DE0AC /* Base */,
			);
			name = Main.storyboard;
			sourceTree = "<group>";
		};
		BEEC77682151A022006DE0AC /* LaunchScreen.storyboard */ = {
			isa = PBXVariantGroup;
			children = (
				BEEC77692151A022006DE0AC /* Base */,
			);
			name = LaunchScreen.storyboard;
			sourceTree = "<group>";
		};
/* End PBXVariantGroup section */

/* Begin XCBuildConfiguration section */
		BEEC776C2151A022006DE0AC /* Debug */ = {
			isa = XCBuildConfiguration;
			buildSettings = {
				ALWAYS_SEARCH_USER_PATHS = NO;
				CLANG_ANALYZER_NONNULL = YES;
				CLANG_ANALYZER_NUMBER_OBJECT_CONVERSION = YES_AGGRESSIVE;
				CLANG_CXX_LANGUAGE_STANDARD = "gnu++14";
				CLANG_CXX_LIBRARY = "libc++";
				CLANG_ENABLE_MODULES = YES;
				CLANG_ENABLE_OBJC_ARC = YES;
				CLANG_ENABLE_OBJC_WEAK = YES;
				CLANG_WARN_BLOCK_CAPTURE_AUTORELEASING = YES;
				CLANG_WARN_BOOL_CONVERSION = YES;
				CLANG_WARN_COMMA = YES;
				CLANG_WARN_CONSTANT_CONVERSION = YES;
				CLANG_WARN_DEPRECATED_OBJC_IMPLEMENTATIONS = YES;
				CLANG_WARN_DIRECT_OBJC_ISA_USAGE = YES_ERROR;
				CLANG_WARN_DOCUMENTATION_COMMENTS = YES;
				CLANG_WARN_EMPTY_BODY = YES;
				CLANG_WARN_ENUM_CONVERSION = YES;
				CLANG_WARN_INFINITE_RECURSION = YES;
				CLANG_WARN_INT_CONVERSION = YES;
				CLANG_WARN_NON_LITERAL_NULL_CONVERSION = YES;
				CLANG_WARN_OBJC_IMPLICIT_RETAIN_SELF = YES;
				CLANG_WARN_OBJC_LITERAL_CONVERSION = YES;
				CLANG_WARN_OBJC_ROOT_CLASS = YES_ERROR;
				CLANG_WARN_RANGE_LOOP_ANALYSIS = YES;
				CLANG_WARN_STRICT_PROTOTYPES = YES;
				CLANG_WARN_SUSPICIOUS_MOVE = YES;
				CLANG_WARN_UNGUARDED_AVAILABILITY = YES_AGGRESSIVE;
				CLANG_WARN_UNREACHABLE_CODE = YES;
				CLANG_WARN__DUPLICATE_METHOD_MATCH = YES;
				CODE_SIGN_IDENTITY = "iPhone Developer";
				COPY_PHASE_STRIP = NO;
				DEBUG_INFORMATION_FORMAT = dwarf;
				ENABLE_STRICT_OBJC_MSGSEND = YES;
				ENABLE_TESTABILITY = YES;
				GCC_C_LANGUAGE_STANDARD = gnu11;
				GCC_DYNAMIC_NO_PIC = NO;
				GCC_NO_COMMON_BLOCKS = YES;
				GCC_OPTIMIZATION_LEVEL = 0;
				GCC_PREPROCESSOR_DEFINITIONS = (
					"DEBUG=1",
					"$(inherited)",
				);
				GCC_WARN_64_TO_32_BIT_CONVERSION = YES;
				GCC_WARN_ABOUT_RETURN_TYPE = YES_ERROR;
				GCC_WARN_UNDECLARED_SELECTOR = YES;
				GCC_WARN_UNINITIALIZED_AUTOS = YES_AGGRESSIVE;
				GCC_WARN_UNUSED_FUNCTION = YES;
				GCC_WARN_UNUSED_VARIABLE = YES;
				IPHONEOS_DEPLOYMENT_TARGET = 12.0;
				MTL_ENABLE_DEBUG_INFO = INCLUDE_SOURCE;
				MTL_FAST_MATH = YES;
				ONLY_ACTIVE_ARCH = YES;
				SDKROOT = iphoneos;
				SWIFT_ACTIVE_COMPILATION_CONDITIONS = DEBUG;
				SWIFT_OPTIMIZATION_LEVEL = "-Onone";
			};
			name = Debug;
		};
		BEEC776D2151A022006DE0AC /* Release */ = {
			isa = XCBuildConfiguration;
			buildSettings = {
				ALWAYS_SEARCH_USER_PATHS = NO;
				CLANG_ANALYZER_NONNULL = YES;
				CLANG_ANALYZER_NUMBER_OBJECT_CONVERSION = YES_AGGRESSIVE;
				CLANG_CXX_LANGUAGE_STANDARD = "gnu++14";
				CLANG_CXX_LIBRARY = "libc++";
				CLANG_ENABLE_MODULES = YES;
				CLANG_ENABLE_OBJC_ARC = YES;
				CLANG_ENABLE_OBJC_WEAK = YES;
				CLANG_WARN_BLOCK_CAPTURE_AUTORELEASING = YES;
				CLANG_WARN_BOOL_CONVERSION = YES;
				CLANG_WARN_COMMA = YES;
				CLANG_WARN_CONSTANT_CONVERSION = YES;
				CLANG_WARN_DEPRECATED_OBJC_IMPLEMENTATIONS = YES;
				CLANG_WARN_DIRECT_OBJC_ISA_USAGE = YES_ERROR;
				CLANG_WARN_DOCUMENTATION_COMMENTS = YES;
				CLANG_WARN_EMPTY_BODY = YES;
				CLANG_WARN_ENUM_CONVERSION = YES;
				CLANG_WARN_INFINITE_RECURSION = YES;
				CLANG_WARN_INT_CONVERSION = YES;
				CLANG_WARN_NON_LITERAL_NULL_CONVERSION = YES;
				CLANG_WARN_OBJC_IMPLICIT_RETAIN_SELF = YES;
				CLANG_WARN_OBJC_LITERAL_CONVERSION = YES;
				CLANG_WARN_OBJC_ROOT_CLASS = YES_ERROR;
				CLANG_WARN_RANGE_LOOP_ANALYSIS = YES;
				CLANG_WARN_STRICT_PROTOTYPES = YES;
				CLANG_WARN_SUSPICIOUS_MOVE = YES;
				CLANG_WARN_UNGUARDED_AVAILABILITY = YES_AGGRESSIVE;
				CLANG_WARN_UNREACHABLE_CODE = YES;
				CLANG_WARN__DUPLICATE_METHOD_MATCH = YES;
				CODE_SIGN_IDENTITY = "iPhone Developer";
				COPY_PHASE_STRIP = NO;
				DEBUG_INFORMATION_FORMAT = "dwarf-with-dsym";
				ENABLE_NS_ASSERTIONS = NO;
				ENABLE_STRICT_OBJC_MSGSEND = YES;
				GCC_C_LANGUAGE_STANDARD = gnu11;
				GCC_NO_COMMON_BLOCKS = YES;
				GCC_WARN_64_TO_32_BIT_CONVERSION = YES;
				GCC_WARN_ABOUT_RETURN_TYPE = YES_ERROR;
				GCC_WARN_UNDECLARED_SELECTOR = YES;
				GCC_WARN_UNINITIALIZED_AUTOS = YES_AGGRESSIVE;
				GCC_WARN_UNUSED_FUNCTION = YES;
				GCC_WARN_UNUSED_VARIABLE = YES;
				IPHONEOS_DEPLOYMENT_TARGET = 12.0;
				MTL_ENABLE_DEBUG_INFO = NO;
				MTL_FAST_MATH = YES;
				SDKROOT = iphoneos;
				SWIFT_COMPILATION_MODE = wholemodule;
				SWIFT_OPTIMIZATION_LEVEL = "-O";
				VALIDATE_PRODUCT = YES;
			};
			name = Release;
		};
		BEEC776F2151A022006DE0AC /* Debug */ = {
			isa = XCBuildConfiguration;
			baseConfigurationReference = 6C4752702379635FD8F7D689 /* Pods-EmberChat.debug.xcconfig */;
			buildSettings = {
				ASSETCATALOG_COMPILER_APPICON_NAME = AppIcon;
				CODE_SIGN_STYLE = Automatic;
				DEVELOPMENT_TEAM = 46P9FSKMSU;
				INFOPLIST_FILE = EmberChat/Info.plist;
				LD_RUNPATH_SEARCH_PATHS = (
					"$(inherited)",
					"@executable_path/Frameworks",
				);
				PRODUCT_BUNDLE_IDENTIFIER = com.wb.EmberChat;
				PRODUCT_NAME = "$(TARGET_NAME)";
				SWIFT_VERSION = 4.2;
				TARGETED_DEVICE_FAMILY = "1,2";
			};
			name = Debug;
		};
		BEEC77702151A022006DE0AC /* Release */ = {
			isa = XCBuildConfiguration;
			baseConfigurationReference = 18357CABB0F8027FB3B2DE59 /* Pods-EmberChat.release.xcconfig */;
			buildSettings = {
				ASSETCATALOG_COMPILER_APPICON_NAME = AppIcon;
				CODE_SIGN_STYLE = Automatic;
				DEVELOPMENT_TEAM = 46P9FSKMSU;
				INFOPLIST_FILE = EmberChat/Info.plist;
				LD_RUNPATH_SEARCH_PATHS = (
					"$(inherited)",
					"@executable_path/Frameworks",
				);
				PRODUCT_BUNDLE_IDENTIFIER = com.wb.EmberChat;
				PRODUCT_NAME = "$(TARGET_NAME)";
				SWIFT_VERSION = 4.2;
				TARGETED_DEVICE_FAMILY = "1,2";
			};
			name = Release;
		};
/* End XCBuildConfiguration section */

/* Begin XCConfigurationList section */
		BEEC77572151A020006DE0AC /* Build configuration list for PBXProject "EmberChat" */ = {
			isa = XCConfigurationList;
			buildConfigurations = (
				BEEC776C2151A022006DE0AC /* Debug */,
				BEEC776D2151A022006DE0AC /* Release */,
			);
			defaultConfigurationIsVisible = 0;
			defaultConfigurationName = Release;
		};
		BEEC776E2151A022006DE0AC /* Build configuration list for PBXNativeTarget "EmberChat" */ = {
			isa = XCConfigurationList;
			buildConfigurations = (
				BEEC776F2151A022006DE0AC /* Debug */,
				BEEC77702151A022006DE0AC /* Release */,
			);
			defaultConfigurationIsVisible = 0;
			defaultConfigurationName = Release;
		};
/* End XCConfigurationList section */
	};
	rootObject = BEEC77542151A020006DE0AC /* Project object */;
}
